
Microsoft Visual Studio Solution File, Format Version 12.00
# Visual Studio Version 16
VisualStudioVersion = 16.0.30907.101
MinimumVisualStudioVersion = 10.0.40219.1
Project("{FAE04EC0-301F-11D3-BF4B-00C04F79EFBC}") = "TodoApi", "TodoApi.csproj", "{338D53E1-57E9-4721-B8E1-E1AE745DD4C1}"
EndProject
Global
	GlobalSection(SolutionConfigurationPlatforms) = preSolution
		Debug|Any CPU = Debug|Any CPU
		Release|Any CPU = Release|Any CPU
	EndGlobalSection
	GlobalSection(ProjectConfigurationPlatforms) = postSolution
		{338D53E1-57E9-4721-B8E1-E1AE745DD4C1}.Debug|Any CPU.ActiveCfg = Debug|Any CPU
		{338D53E1-57E9-4721-B8E1-E1AE745DD4C1}.Debug|Any CPU.Build.0 = Debug|Any CPU
		{338D53E1-57E9-4721-B8E1-E1AE745DD4C1}.Release|Any CPU.ActiveCfg = Release|Any CPU
		{338D53E1-57E9-4721-B8E1-E1AE745DD4C1}.Release|Any CPU.Build.0 = Release|Any CPU
	EndGlobalSection
	GlobalSection(SolutionProperties) = preSolution
		HideSolutionNode = FALSE
	EndGlobalSection
	GlobalSection(ExtensibilityGlobals) = postSolution
		SolutionGuid = {06A6E95B-68E4-4650-9249-DD6C3ADD4836}
	EndGlobalSection
EndGlobal
